// !$*UTF8*$!
{
	archiveVersion = 1;
	classes = {
	};
	objectVersion = 50;
	objects = {

/* Begin PBXBuildFile section */
		F3BD821624EE89EA00A46646 /* AppDelegate.swift in Sources */ = {isa = PBXBuildFile; fileRef = F3BD821524EE89EA00A46646 /* AppDelegate.swift */; };
		F3BD821824EE89EA00A46646 /* SceneDelegate.swift in Sources */ = {isa = PBXBuildFile; fileRef = F3BD821724EE89EA00A46646 /* SceneDelegate.swift */; };
		F3BD821A24EE89EA00A46646 /* ViewController.swift in Sources */ = {isa = PBXBuildFile; fileRef = F3BD821924EE89EA00A46646 /* ViewController.swift */; };
		F3BD821D24EE89EA00A46646 /* Main.storyboard in Resources */ = {isa = PBXBuildFile; fileRef = F3BD821B24EE89EA00A46646 /* Main.storyboard */; };
		F3BD821F24EE89EE00A46646 /* Assets.xcassets in Resources */ = {isa = PBXBuildFile; fileRef = F3BD821E24EE89EE00A46646 /* Assets.xcassets */; };
		F3BD822224EE89EE00A46646 /* LaunchScreen.storyboard in Resources */ = {isa = PBXBuildFile; fileRef = F3BD822024EE89EE00A46646 /* LaunchScreen.storyboard */; };
		F3BD822D24EE89EF00A46646 /* tippyTests.swift in Sources */ = {isa = PBXBuildFile; fileRef = F3BD822C24EE89EF00A46646 /* tippyTests.swift */; };
		F3BD823824EE89EF00A46646 /* tippyUITests.swift in Sources */ = {isa = PBXBuildFile; fileRef = F3BD823724EE89EF00A46646 /* tippyUITests.swift */; };
/* End PBXBuildFile section */

/* Begin PBXContainerItemProxy section */
		F3BD822924EE89EF00A46646 /* PBXContainerItemProxy */ = {
			isa = PBXContainerItemProxy;
			containerPortal = F3BD820A24EE89EA00A46646 /* Project object */;
			proxyType = 1;
			remoteGlobalIDString = F3BD821124EE89EA00A46646;
			remoteInfo = tippy;
		};
		F3BD823424EE89EF00A46646 /* PBXContainerItemProxy */ = {
			isa = PBXContainerItemProxy;
			containerPortal = F3BD820A24EE89EA00A46646 /* Project object */;
			proxyType = 1;
			remoteGlobalIDString = F3BD821124EE89EA00A46646;
			remoteInfo = tippy;
		};
/* End PBXContainerItemProxy section */

/* Begin PBXFileReference section */
		F3BD821224EE89EA00A46646 /* tippy.app */ = {isa = PBXFileReference; explicitFileType = wrapper.application; includeInIndex = 0; path = tippy.app; sourceTree = BUILT_PRODUCTS_DIR; };
		F3BD821524EE89EA00A46646 /* AppDelegate.swift */ = {isa = PBXFileReference; lastKnownFileType = sourcecode.swift; path = AppDelegate.swift; sourceTree = "<group>"; };
		F3BD821724EE89EA00A46646 /* SceneDelegate.swift */ = {isa = PBXFileReference; lastKnownFileType = sourcecode.swift; path = SceneDelegate.swift; sourceTree = "<group>"; };
		F3BD821924EE89EA00A46646 /* ViewController.swift */ = {isa = PBXFileReference; lastKnownFileType = sourcecode.swift; path = ViewController.swift; sourceTree = "<group>"; };
		F3BD821C24EE89EA00A46646 /* Base */ = {isa = PBXFileReference; lastKnownFileType = file.storyboard; name = Base; path = Base.lproj/Main.storyboard; sourceTree = "<group>"; };
		F3BD821E24EE89EE00A46646 /* Assets.xcassets */ = {isa = PBXFileReference; lastKnownFileType = folder.assetcatalog; path = Assets.xcassets; sourceTree = "<group>"; };
		F3BD822124EE89EE00A46646 /* Base */ = {isa = PBXFileReference; lastKnownFileType = file.storyboard; name = Base; path = Base.lproj/LaunchScreen.storyboard; sourceTree = "<group>"; };
		F3BD822324EE89EE00A46646 /* Info.plist */ = {isa = PBXFileReference; lastKnownFileType = text.plist.xml; path = Info.plist; sourceTree = "<group>"; };
		F3BD822824EE89EF00A46646 /* tippyTests.xctest */ = {isa = PBXFileReference; explicitFileType = wrapper.cfbundle; includeInIndex = 0; path = tippyTests.xctest; sourceTree = BUILT_PRODUCTS_DIR; };
		F3BD822C24EE89EF00A46646 /* tippyTests.swift */ = {isa = PBXFileReference; lastKnownFileType = sourcecode.swift; path = tippyTests.swift; sourceTree = "<group>"; };
		F3BD822E24EE89EF00A46646 /* Info.plist */ = {isa = PBXFileReference; lastKnownFileType = text.plist.xml; path = Info.plist; sourceTree = "<group>"; };
		F3BD823324EE89EF00A46646 /* tippyUITests.xctest */ = {isa = PBXFileReference; explicitFileType = wrapper.cfbundle; includeInIndex = 0; path = tippyUITests.xctest; sourceTree = BUILT_PRODUCTS_DIR; };
		F3BD823724EE89EF00A46646 /* tippyUITests.swift */ = {isa = PBXFileReference; lastKnownFileType = sourcecode.swift; path = tippyUITests.swift; sourceTree = "<group>"; };
		F3BD823924EE89EF00A46646 /* Info.plist */ = {isa = PBXFileReference; lastKnownFileType = text.plist.xml; path = Info.plist; sourceTree = "<group>"; };
/* End PBXFileReference section */

/* Begin PBXFrameworksBuildPhase section */
		F3BD820F24EE89EA00A46646 /* Frameworks */ = {
			isa = PBXFrameworksBuildPhase;
			buildActionMask = 2147483647;
			files = (
			);
			runOnlyForDeploymentPostprocessing = 0;
		};
		F3BD822524EE89EF00A46646 /* Frameworks */ = {
			isa = PBXFrameworksBuildPhase;
			buildActionMask = 2147483647;
			files = (
			);
			runOnlyForDeploymentPostprocessing = 0;
		};
		F3BD823024EE89EF00A46646 /* Frameworks */ = {
			isa = PBXFrameworksBuildPhase;
			buildActionMask = 2147483647;
			files = (
			);
			runOnlyForDeploymentPostprocessing = 0;
		};
/* End PBXFrameworksBuildPhase section */

/* Begin PBXGroup section */
		F3BD820924EE89EA00A46646 = {
			isa = PBXGroup;
			children = (
				F3BD821424EE89EA00A46646 /* tippy */,
				F3BD822B24EE89EF00A46646 /* tippyTests */,
				F3BD823624EE89EF00A46646 /* tippyUITests */,
				F3BD821324EE89EA00A46646 /* Products */,
			);
			sourceTree = "<group>";
		};
		F3BD821324EE89EA00A46646 /* Products */ = {
			isa = PBXGroup;
			children = (
				F3BD821224EE89EA00A46646 /* tippy.app */,
				F3BD822824EE89EF00A46646 /* tippyTests.xctest */,
				F3BD823324EE89EF00A46646 /* tippyUITests.xctest */,
			);
			name = Products;
			sourceTree = "<group>";
		};
		F3BD821424EE89EA00A46646 /* tippy */ = {
			isa = PBXGroup;
			children = (
				F3BD821524EE89EA00A46646 /* AppDelegate.swift */,
				F3BD821724EE89EA00A46646 /* SceneDelegate.swift */,
				F3BD821924EE89EA00A46646 /* ViewController.swift */,
				F3BD821B24EE89EA00A46646 /* Main.storyboard */,
				F3BD821E24EE89EE00A46646 /* Assets.xcassets */,
				F3BD822024EE89EE00A46646 /* LaunchScreen.storyboard */,
				F3BD822324EE89EE00A46646 /* Info.plist */,
			);
			path = tippy;
			sourceTree = "<group>";
		};
		F3BD822B24EE89EF00A46646 /* tippyTests */ = {
			isa = PBXGroup;
			children = (
				F3BD822C24EE89EF00A46646 /* tippyTests.swift */,
				F3BD822E24EE89EF00A46646 /* Info.plist */,
			);
			path = tippyTests;
			sourceTree = "<group>";
		};
		F3BD823624EE89EF00A46646 /* tippyUITests */ = {
			isa = PBXGroup;
			children = (
				F3BD823724EE89EF00A46646 /* tippyUITests.swift */,
				F3BD823924EE89EF00A46646 /* Info.plist */,
			);
			path = tippyUITests;
			sourceTree = "<group>";
		};
/* End PBXGroup section */

/* Begin PBXNativeTarget section */
		F3BD821124EE89EA00A46646 /* tippy */ = {
			isa = PBXNativeTarget;
			buildConfigurationList = F3BD823C24EE89EF00A46646 /* Build configuration list for PBXNativeTarget "tippy" */;
			buildPhases = (
				F3BD820E24EE89EA00A46646 /* Sources */,
				F3BD820F24EE89EA00A46646 /* Frameworks */,
				F3BD821024EE89EA00A46646 /* Resources */,
			);
			buildRules = (
			);
			dependencies = (
			);
			name = tippy;
			productName = tippy;
			productReference = F3BD821224EE89EA00A46646 /* tippy.app */;
			productType = "com.apple.product-type.application";
		};
		F3BD822724EE89EF00A46646 /* tippyTests */ = {
			isa = PBXNativeTarget;
			buildConfigurationList = F3BD823F24EE89EF00A46646 /* Build configuration list for PBXNativeTarget "tippyTests" */;
			buildPhases = (
				F3BD822424EE89EF00A46646 /* Sources */,
				F3BD822524EE89EF00A46646 /* Frameworks */,
				F3BD822624EE89EF00A46646 /* Resources */,
			);
			buildRules = (
			);
			dependencies = (
				F3BD822A24EE89EF00A46646 /* PBXTargetDependency */,
			);
			name = tippyTests;
			productName = tippyTests;
			productReference = F3BD822824EE89EF00A46646 /* tippyTests.xctest */;
			productType = "com.apple.product-type.bundle.unit-test";
		};
		F3BD823224EE89EF00A46646 /* tippyUITests */ = {
			isa = PBXNativeTarget;
			buildConfigurationList = F3BD824224EE89EF00A46646 /* Build configuration list for PBXNativeTarget "tippyUITests" */;
			buildPhases = (
				F3BD822F24EE89EF00A46646 /* Sources */,
				F3BD823024EE89EF00A46646 /* Frameworks */,
				F3BD823124EE89EF00A46646 /* Resources */,
			);
			buildRules = (
			);
			dependencies = (
				F3BD823524EE89EF00A46646 /* PBXTargetDependency */,
			);
			name = tippyUITests;
			productName = tippyUITests;
			productReference = F3BD823324EE89EF00A46646 /* tippyUITests.xctest */;
			productType = "com.apple.product-type.bundle.ui-testing";
		};
/* End PBXNativeTarget section */

/* Begin PBXProject section */
		F3BD820A24EE89EA00A46646 /* Project object */ = {
			isa = PBXProject;
			attributes = {
				LastSwiftUpdateCheck = 1160;
				LastUpgradeCheck = 1160;
				ORGANIZATIONNAME = Codepath;
				TargetAttributes = {
					F3BD821124EE89EA00A46646 = {
						CreatedOnToolsVersion = 11.6;
					};
					F3BD822724EE89EF00A46646 = {
						CreatedOnToolsVersion = 11.6;
						TestTargetID = F3BD821124EE89EA00A46646;
					};
					F3BD823224EE89EF00A46646 = {
						CreatedOnToolsVersion = 11.6;
						TestTargetID = F3BD821124EE89EA00A46646;
					};
				};
			};
			buildConfigurationList = F3BD820D24EE89EA00A46646 /* Build configuration list for PBXProject "tippy" */;
			compatibilityVersion = "Xcode 9.3";
			developmentRegion = en;
			hasScannedForEncodings = 0;
			knownRegions = (
				en,
				Base,
			);
			mainGroup = F3BD820924EE89EA00A46646;
			productRefGroup = F3BD821324EE89EA00A46646 /* Products */;
			projectDirPath = "";
			projectRoot = "";
			targets = (
				F3BD821124EE89EA00A46646 /* tippy */,
				F3BD822724EE89EF00A46646 /* tippyTests */,
				F3BD823224EE89EF00A46646 /* tippyUITests */,
			);
		};
/* End PBXProject section */

/* Begin PBXResourcesBuildPhase section */
		F3BD821024EE89EA00A46646 /* Resources */ = {
			isa = PBXResourcesBuildPhase;
			buildActionMask = 2147483647;
			files = (
				F3BD822224EE89EE00A46646 /* LaunchScreen.storyboard in Resources */,
				F3BD821F24EE89EE00A46646 /* Assets.xcassets in Resources */,
				F3BD821D24EE89EA00A46646 /* Main.storyboard in Resources */,
			);
			runOnlyForDeploymentPostprocessing = 0;
		};
		F3BD822624EE89EF00A46646 /* Resources */ = {
			isa = PBXResourcesBuildPhase;
			buildActionMask = 2147483647;
			files = (
			);
			runOnlyForDeploymentPostprocessing = 0;
		};
		F3BD823124EE89EF00A46646 /* Resources */ = {
			isa = PBXResourcesBuildPhase;
			buildActionMask = 2147483647;
			files = (
			);
			runOnlyForDeploymentPostprocessing = 0;
		};
/* End PBXResourcesBuildPhase section */

/* Begin PBXSourcesBuildPhase section */
		F3BD820E24EE89EA00A46646 /* Sources */ = {
			isa = PBXSourcesBuildPhase;
			buildActionMask = 2147483647;
			files = (
				F3BD821A24EE89EA00A46646 /* ViewController.swift in Sources */,
				F3BD821624EE89EA00A46646 /* AppDelegate.swift in Sources */,
				F3BD821824EE89EA00A46646 /* SceneDelegate.swift in Sources */,
			);
			runOnlyForDeploymentPostprocessing = 0;
		};
		F3BD822424EE89EF00A46646 /* Sources */ = {
			isa = PBXSourcesBuildPhase;
			buildActionMask = 2147483647;
			files = (
				F3BD822D24EE89EF00A46646 /* tippyTests.swift in Sources */,
			);
			runOnlyForDeploymentPostprocessing = 0;
		};
		F3BD822F24EE89EF00A46646 /* Sources */ = {
			isa = PBXSourcesBuildPhase;
			buildActionMask = 2147483647;
			files = (
				F3BD823824EE89EF00A46646 /* tippyUITests.swift in Sources */,
			);
			runOnlyForDeploymentPostprocessing = 0;
		};
/* End PBXSourcesBuildPhase section */

/* Begin PBXTargetDependency section */
		F3BD822A24EE89EF00A46646 /* PBXTargetDependency */ = {
			isa = PBXTargetDependency;
			target = F3BD821124EE89EA00A46646 /* tippy */;
			targetProxy = F3BD822924EE89EF00A46646 /* PBXContainerItemProxy */;
		};
		F3BD823524EE89EF00A46646 /* PBXTargetDependency */ = {
			isa = PBXTargetDependency;
			target = F3BD821124EE89EA00A46646 /* tippy */;
			targetProxy = F3BD823424EE89EF00A46646 /* PBXContainerItemProxy */;
		};
/* End PBXTargetDependency section */

/* Begin PBXVariantGroup section */
		F3BD821B24EE89EA00A46646 /* Main.storyboard */ = {
			isa = PBXVariantGroup;
			children = (
				F3BD821C24EE89EA00A46646 /* Base */,
			);
			name = Main.storyboard;
			sourceTree = "<group>";
		};
		F3BD822024EE89EE00A46646 /* LaunchScreen.storyboard */ = {
			isa = PBXVariantGroup;
			children = (
				F3BD822124EE89EE00A46646 /* Base */,
			);
			name = LaunchScreen.storyboard;
			sourceTree = "<group>";
		};
/* End PBXVariantGroup section */

/* Begin XCBuildConfiguration section */
		F3BD823A24EE89EF00A46646 /* Debug */ = {
			isa = XCBuildConfiguration;
			buildSettings = {
				ALWAYS_SEARCH_USER_PATHS = NO;
				CLANG_ANALYZER_NONNULL = YES;
				CLANG_ANALYZER_NUMBER_OBJECT_CONVERSION = YES_AGGRESSIVE;
				CLANG_CXX_LANGUAGE_STANDARD = "gnu++14";
				CLANG_CXX_LIBRARY = "libc++";
				CLANG_ENABLE_MODULES = YES;
				CLANG_ENABLE_OBJC_ARC = YES;
				CLANG_ENABLE_OBJC_WEAK = YES;
				CLANG_WARN_BLOCK_CAPTURE_AUTORELEASING = YES;
				CLANG_WARN_BOOL_CONVERSION = YES;
				CLANG_WARN_COMMA = YES;
				CLANG_WARN_CONSTANT_CONVERSION = YES;
				CLANG_WARN_DEPRECATED_OBJC_IMPLEMENTATIONS = YES;
				CLANG_WARN_DIRECT_OBJC_ISA_USAGE = YES_ERROR;
				CLANG_WARN_DOCUMENTATION_COMMENTS = YES;
				CLANG_WARN_EMPTY_BODY = YES;
				CLANG_WARN_ENUM_CONVERSION = YES;
				CLANG_WARN_INFINITE_RECURSION = YES;
				CLANG_WARN_INT_CONVERSION = YES;
				CLANG_WARN_NON_LITERAL_NULL_CONVERSION = YES;
				CLANG_WARN_OBJC_IMPLICIT_RETAIN_SELF = YES;
				CLANG_WARN_OBJC_LITERAL_CONVERSION = YES;
				CLANG_WARN_OBJC_ROOT_CLASS = YES_ERROR;
				CLANG_WARN_RANGE_LOOP_ANALYSIS = YES;
				CLANG_WARN_STRICT_PROTOTYPES = YES;
				CLANG_WARN_SUSPICIOUS_MOVE = YES;
				CLANG_WARN_UNGUARDED_AVAILABILITY = YES_AGGRESSIVE;
				CLANG_WARN_UNREACHABLE_CODE = YES;
				CLANG_WARN__DUPLICATE_METHOD_MATCH = YES;
				COPY_PHASE_STRIP = NO;
				DEBUG_INFORMATION_FORMAT = dwarf;
				ENABLE_STRICT_OBJC_MSGSEND = YES;
				ENABLE_TESTABILITY = YES;
				GCC_C_LANGUAGE_STANDARD = gnu11;
				GCC_DYNAMIC_NO_PIC = NO;
				GCC_NO_COMMON_BLOCKS = YES;
				GCC_OPTIMIZATION_LEVEL = 0;
				GCC_PREPROCESSOR_DEFINITIONS = (
					"DEBUG=1",
					"$(inherited)",
				);
				GCC_WARN_64_TO_32_BIT_CONVERSION = YES;
				GCC_WARN_ABOUT_RETURN_TYPE = YES_ERROR;
				GCC_WARN_UNDECLARED_SELECTOR = YES;
				GCC_WARN_UNINITIALIZED_AUTOS = YES_AGGRESSIVE;
				GCC_WARN_UNUSED_FUNCTION = YES;
				GCC_WARN_UNUSED_VARIABLE = YES;
				IPHONEOS_DEPLOYMENT_TARGET = 13.6;
				MTL_ENABLE_DEBUG_INFO = INCLUDE_SOURCE;
				MTL_FAST_MATH = YES;
				ONLY_ACTIVE_ARCH = YES;
				SDKROOT = iphoneos;
				SWIFT_ACTIVE_COMPILATION_CONDITIONS = DEBUG;
				SWIFT_OPTIMIZATION_LEVEL = "-Onone";
			};
			name = Debug;
		};
		F3BD823B24EE89EF00A46646 /* Release */ = {
			isa = XCBuildConfiguration;
			buildSettings = {
				ALWAYS_SEARCH_USER_PATHS = NO;
				CLANG_ANALYZER_NONNULL = YES;
				CLANG_ANALYZER_NUMBER_OBJECT_CONVERSION = YES_AGGRESSIVE;
				CLANG_CXX_LANGUAGE_STANDARD = "gnu++14";
				CLANG_CXX_LIBRARY = "libc++";
				CLANG_ENABLE_MODULES = YES;
				CLANG_ENABLE_OBJC_ARC = YES;
				CLANG_ENABLE_OBJC_WEAK = YES;
				CLANG_WARN_BLOCK_CAPTURE_AUTORELEASING = YES;
				CLANG_WARN_BOOL_CONVERSION = YES;
				CLANG_WARN_COMMA = YES;
				CLANG_WARN_CONSTANT_CONVERSION = YES;
				CLANG_WARN_DEPRECATED_OBJC_IMPLEMENTATIONS = YES;
				CLANG_WARN_DIRECT_OBJC_ISA_USAGE = YES_ERROR;
				CLANG_WARN_DOCUMENTATION_COMMENTS = YES;
				CLANG_WARN_EMPTY_BODY = YES;
				CLANG_WARN_ENUM_CONVERSION = YES;
				CLANG_WARN_INFINITE_RECURSION = YES;
				CLANG_WARN_INT_CONVERSION = YES;
				CLANG_WARN_NON_LITERAL_NULL_CONVERSION = YES;
				CLANG_WARN_OBJC_IMPLICIT_RETAIN_SELF = YES;
				CLANG_WARN_OBJC_LITERAL_CONVERSION = YES;
				CLANG_WARN_OBJC_ROOT_CLASS = YES_ERROR;
				CLANG_WARN_RANGE_LOOP_ANALYSIS = YES;
				CLANG_WARN_STRICT_PROTOTYPES = YES;
				CLANG_WARN_SUSPICIOUS_MOVE = YES;
				CLANG_WARN_UNGUARDED_AVAILABILITY = YES_AGGRESSIVE;
				CLANG_WARN_UNREACHABLE_CODE = YES;
				CLANG_WARN__DUPLICATE_METHOD_MATCH = YES;
				COPY_PHASE_STRIP = NO;
				DEBUG_INFORMATION_FORMAT = "dwarf-with-dsym";
				ENABLE_NS_ASSERTIONS = NO;
				ENABLE_STRICT_OBJC_MSGSEND = YES;
				GCC_C_LANGUAGE_STANDARD = gnu11;
				GCC_NO_COMMON_BLOCKS = YES;
				GCC_WARN_64_TO_32_BIT_CONVERSION = YES;
				GCC_WARN_ABOUT_RETURN_TYPE = YES_ERROR;
				GCC_WARN_UNDECLARED_SELECTOR = YES;
				GCC_WARN_UNINITIALIZED_AUTOS = YES_AGGRESSIVE;
				GCC_WARN_UNUSED_FUNCTION = YES;
				GCC_WARN_UNUSED_VARIABLE = YES;
				IPHONEOS_DEPLOYMENT_TARGET = 13.6;
				MTL_ENABLE_DEBUG_INFO = NO;
				MTL_FAST_MATH = YES;
				SDKROOT = iphoneos;
				SWIFT_COMPILATION_MODE = wholemodule;
				SWIFT_OPTIMIZATION_LEVEL = "-O";
				VALIDATE_PRODUCT = YES;
			};
			name = Release;
		};
		F3BD823D24EE89EF00A46646 /* Debug */ = {
			isa = XCBuildConfiguration;
			buildSettings = {
				ASSETCATALOG_COMPILER_APPICON_NAME = AppIcon;
				CODE_SIGN_STYLE = Automatic;
				INFOPLIST_FILE = tippy/Info.plist;
				LD_RUNPATH_SEARCH_PATHS = (
					"$(inherited)",
					"@executable_path/Frameworks",
				);
				PRODUCT_BUNDLE_IDENTIFIER = Codepath.tippy;
				PRODUCT_NAME = "$(TARGET_NAME)";
				SWIFT_VERSION = 5.0;
				TARGETED_DEVICE_FAMILY = "1,2";
			};
			name = Debug;
		};
		F3BD823E24EE89EF00A46646 /* Release */ = {
			isa = XCBuildConfiguration;
			buildSettings = {
				ASSETCATALOG_COMPILER_APPICON_NAME = AppIcon;
				CODE_SIGN_STYLE = Automatic;
				INFOPLIST_FILE = tippy/Info.plist;
				LD_RUNPATH_SEARCH_PATHS = (
					"$(inherited)",
					"@executable_path/Frameworks",
				);
				PRODUCT_BUNDLE_IDENTIFIER = Codepath.tippy;
				PRODUCT_NAME = "$(TARGET_NAME)";
				SWIFT_VERSION = 5.0;
				TARGETED_DEVICE_FAMILY = "1,2";
			};
			name = Release;
		};
		F3BD824024EE89EF00A46646 /* Debug */ = {
			isa = XCBuildConfiguration;
			buildSettings = {
				ALWAYS_EMBED_SWIFT_STANDARD_LIBRARIES = YES;
				BUNDLE_LOADER = "$(TEST_HOST)";
				CODE_SIGN_STYLE = Automatic;
				INFOPLIST_FILE = tippyTests/Info.plist;
				IPHONEOS_DEPLOYMENT_TARGET = 13.6;
				LD_RUNPATH_SEARCH_PATHS = (
					"$(inherited)",
					"@executable_path/Frameworks",
					"@loader_path/Frameworks",
				);
				PRODUCT_BUNDLE_IDENTIFIER = Codepath.tippyTests;
				PRODUCT_NAME = "$(TARGET_NAME)";
				SWIFT_VERSION = 5.0;
				TARGETED_DEVICE_FAMILY = "1,2";
				TEST_HOST = "$(BUILT_PRODUCTS_DIR)/tippy.app/tippy";
			};
			name = Debug;
		};
		F3BD824124EE89EF00A46646 /* Release */ = {
			isa = XCBuildConfiguration;
			buildSettings = {
				ALWAYS_EMBED_SWIFT_STANDARD_LIBRARIES = YES;
				BUNDLE_LOADER = "$(TEST_HOST)";
				CODE_SIGN_STYLE = Automatic;
				INFOPLIST_FILE = tippyTests/Info.plist;
				IPHONEOS_DEPLOYMENT_TARGET = 13.6;
				LD_RUNPATH_SEARCH_PATHS = (
					"$(inherited)",
					"@executable_path/Frameworks",
					"@loader_path/Frameworks",
				);
				PRODUCT_BUNDLE_IDENTIFIER = Codepath.tippyTests;
				PRODUCT_NAME = "$(TARGET_NAME)";
				SWIFT_VERSION = 5.0;
				TARGETED_DEVICE_FAMILY = "1,2";
				TEST_HOST = "$(BUILT_PRODUCTS_DIR)/tippy.app/tippy";
			};
			name = Release;
		};
		F3BD824324EE89EF00A46646 /* Debug */ = {
			isa = XCBuildConfiguration;
			buildSettings = {
				ALWAYS_EMBED_SWIFT_STANDARD_LIBRARIES = YES;
				CODE_SIGN_STYLE = Automatic;
				INFOPLIST_FILE = tippyUITests/Info.plist;
				LD_RUNPATH_SEARCH_PATHS = (
					"$(inherited)",
					"@executable_path/Frameworks",
					"@loader_path/Frameworks",
				);
				PRODUCT_BUNDLE_IDENTIFIER = Codepath.tippyUITests;
				PRODUCT_NAME = "$(TARGET_NAME)";
				SWIFT_VERSION = 5.0;
				TARGETED_DEVICE_FAMILY = "1,2";
				TEST_TARGET_NAME = tippy;
			};
			name = Debug;
		};
		F3BD824424EE89EF00A46646 /* Release */ = {
			isa = XCBuildConfiguration;
			buildSettings = {
				ALWAYS_EMBED_SWIFT_STANDARD_LIBRARIES = YES;
				CODE_SIGN_STYLE = Automatic;
				INFOPLIST_FILE = tippyUITests/Info.plist;
				LD_RUNPATH_SEARCH_PATHS = (
					"$(inherited)",
					"@executable_path/Frameworks",
					"@loader_path/Frameworks",
				);
				PRODUCT_BUNDLE_IDENTIFIER = Codepath.tippyUITests;
				PRODUCT_NAME = "$(TARGET_NAME)";
				SWIFT_VERSION = 5.0;
				TARGETED_DEVICE_FAMILY = "1,2";
				TEST_TARGET_NAME = tippy;
			};
			name = Release;
		};
/* End XCBuildConfiguration section */

/* Begin XCConfigurationList section */
		F3BD820D24EE89EA00A46646 /* Build configuration list for PBXProject "tippy" */ = {
			isa = XCConfigurationList;
			buildConfigurations = (
				F3BD823A24EE89EF00A46646 /* Debug */,
				F3BD823B24EE89EF00A46646 /* Release */,
			);
			defaultConfigurationIsVisible = 0;
			defaultConfigurationName = Release;
		};
		F3BD823C24EE89EF00A46646 /* Build configuration list for PBXNativeTarget "tippy" */ = {
			isa = XCConfigurationList;
			buildConfigurations = (
				F3BD823D24EE89EF00A46646 /* Debug */,
				F3BD823E24EE89EF00A46646 /* Release */,
			);
			defaultConfigurationIsVisible = 0;
			defaultConfigurationName = Release;
		};
		F3BD823F24EE89EF00A46646 /* Build configuration list for PBXNativeTarget "tippyTests" */ = {
			isa = XCConfigurationList;
			buildConfigurations = (
				F3BD824024EE89EF00A46646 /* Debug */,
				F3BD824124EE89EF00A46646 /* Release */,
			);
			defaultConfigurationIsVisible = 0;
			defaultConfigurationName = Release;
		};
		F3BD824224EE89EF00A46646 /* Build configuration list for PBXNativeTarget "tippyUITests" */ = {
			isa = XCConfigurationList;
			buildConfigurations = (
				F3BD824324EE89EF00A46646 /* Debug */,
				F3BD824424EE89EF00A46646 /* Release */,
			);
			defaultConfigurationIsVisible = 0;
			defaultConfigurationName = Release;
		};
/* End XCConfigurationList section */
	};
	rootObject = F3BD820A24EE89EA00A46646 /* Project object */;
}
